
Microsoft Visual Studio Solution File, Format Version 12.00
# Visual Studio 14
VisualStudioVersion = 14.0.25420.1
MinimumVisualStudioVersion = 10.0.40219.1
Project("{FAE04EC0-301F-11D3-BF4B-00C04F79EFBC}") = "TileEngine", "TileEngine\TileEngine.csproj", "{11C2AFBD-F201-4A52-A600-F6B63E27D7BA}"
EndProject
Project("{FAE04EC0-301F-11D3-BF4B-00C04F79EFBC}") = "GDITiles", "GDITiles\GDITiles.csproj", "{BCF5E077-5665-46D1-BE37-65DEC6C29C81}"
EndProject
Project("{FAE04EC0-301F-11D3-BF4B-00C04F79EFBC}") = "MONOTiles", "MONOTiles\MONOTiles.csproj", "{59E07112-AA06-4B74-8DE8-EEBFD3042C58}"
EndProject
Project("{FAE04EC0-301F-11D3-BF4B-00C04F79EFBC}") = "TileContent", "TileContent\TileContent.csproj", "{5AD4412A-F16A-4F59-BF73-C5746F071545}"
EndProject
Global
	GlobalSection(SolutionConfigurationPlatforms) = preSolution
		Debug|Any CPU = Debug|Any CPU
		Release|Any CPU = Release|Any CPU
	EndGlobalSection
	GlobalSection(ProjectConfigurationPlatforms) = postSolution
		{11C2AFBD-F201-4A52-A600-F6B63E27D7BA}.Debug|Any CPU.ActiveCfg = Debug|Any CPU
		{11C2AFBD-F201-4A52-A600-F6B63E27D7BA}.Debug|Any CPU.Build.0 = Debug|Any CPU
		{11C2AFBD-F201-4A52-A600-F6B63E27D7BA}.Release|Any CPU.ActiveCfg = Release|Any CPU
		{11C2AFBD-F201-4A52-A600-F6B63E27D7BA}.Release|Any CPU.Build.0 = Release|Any CPU
		{BCF5E077-5665-46D1-BE37-65DEC6C29C81}.Debug|Any CPU.ActiveCfg = Debug|Any CPU
		{BCF5E077-5665-46D1-BE37-65DEC6C29C81}.Debug|Any CPU.Build.0 = Debug|Any CPU
		{BCF5E077-5665-46D1-BE37-65DEC6C29C81}.Release|Any CPU.ActiveCfg = Release|Any CPU
		{BCF5E077-5665-46D1-BE37-65DEC6C29C81}.Release|Any CPU.Build.0 = Release|Any CPU
		{59E07112-AA06-4B74-8DE8-EEBFD3042C58}.Debug|Any CPU.ActiveCfg = Debug|Any CPU
		{59E07112-AA06-4B74-8DE8-EEBFD3042C58}.Debug|Any CPU.Build.0 = Debug|Any CPU
		{59E07112-AA06-4B74-8DE8-EEBFD3042C58}.Release|Any CPU.ActiveCfg = Release|Any CPU
		{59E07112-AA06-4B74-8DE8-EEBFD3042C58}.Release|Any CPU.Build.0 = Release|Any CPU
		{5AD4412A-F16A-4F59-BF73-C5746F071545}.Debug|Any CPU.ActiveCfg = Debug|Any CPU
		{5AD4412A-F16A-4F59-BF73-C5746F071545}.Debug|Any CPU.Build.0 = Debug|Any CPU
		{5AD4412A-F16A-4F59-BF73-C5746F071545}.Release|Any CPU.ActiveCfg = Release|Any CPU
		{5AD4412A-F16A-4F59-BF73-C5746F071545}.Release|Any CPU.Build.0 = Release|Any CPU
	EndGlobalSection
	GlobalSection(SolutionProperties) = preSolution
		HideSolutionNode = FALSE
	EndGlobalSection
EndGlobal
